
Microsoft Visual Studio Solution File, Format Version 12.00
# Visual Studio Version 17
VisualStudioVersion = 17.5.33414.496
MinimumVisualStudioVersion = 10.0.40219.1
Project("{FAE04EC0-301F-11D3-BF4B-00C04F79EFBC}") = "21110790_TranTrongNhan", "21110790_TranTrongNhan.csproj", "{8B42876C-0FC9-4D73-B0B8-7CBD8C4CC26F}"
EndProject
Global
	GlobalSection(SolutionConfigurationPlatforms) = preSolution
		Debug|Any CPU = Debug|Any CPU
		Release|Any CPU = Release|Any CPU
	EndGlobalSection
	GlobalSection(ProjectConfigurationPlatforms) = postSolution
		{8B42876C-0FC9-4D73-B0B8-7CBD8C4CC26F}.Debug|Any CPU.ActiveCfg = Debug|Any CPU
		{8B42876C-0FC9-4D73-B0B8-7CBD8C4CC26F}.Debug|Any CPU.Build.0 = Debug|Any CPU
		{8B42876C-0FC9-4D73-B0B8-7CBD8C4CC26F}.Release|Any CPU.ActiveCfg = Release|Any CPU
		{8B42876C-0FC9-4D73-B0B8-7CBD8C4CC26F}.Release|Any CPU.Build.0 = Release|Any CPU
	EndGlobalSection
	GlobalSection(SolutionProperties) = preSolution
		HideSolutionNode = FALSE
	EndGlobalSection
	GlobalSection(ExtensibilityGlobals) = postSolution
		SolutionGuid = {1EA5FBCC-75AB-4471-836E-0112BC5357BC}
	EndGlobalSection
EndGlobal
